
Microsoft Visual Studio Solution File, Format Version 12.00
# Visual Studio Version 17
VisualStudioVersion = 17.6.33829.357
MinimumVisualStudioVersion = 10.0.40219.1
Project("{9A19103F-16F7-4668-BE54-9A1E7A4F7556}") = "SK.ERP.SERVICE", "SK.ERP.SERVICE\SK.ERP.SERVICE.csproj", "{8E74E611-7AAF-4BE4-A80F-CCA5284C0234}"
EndProject
Project("{2150E333-8FDC-42A3-9474-1A3956D46DE8}") = "Service", "Service", "{78B9A50B-1A12-4CD9-B1CF-0DCB7A43A27D}"
EndProject
Project("{2150E333-8FDC-42A3-9474-1A3956D46DE8}") = "Business", "Business", "{FD9F0EC9-EB35-4CE8-9095-B40D0F7598C9}"
EndProject
Project("{9A19103F-16F7-4668-BE54-9A1E7A4F7556}") = "SK.ERP.Business", "SK.ERP.Business\SK.ERP.Business.csproj", "{E0F67D90-584E-4F94-8561-86CF1D54CE48}"
EndProject
Project("{2150E333-8FDC-42A3-9474-1A3956D46DE8}") = "Entities", "Entities", "{4E89E69B-6B45-432C-AF74-54039EAE4F99}"
EndProject
Project("{9A19103F-16F7-4668-BE54-9A1E7A4F7556}") = "SK.ERP.Entities", "SK.ERP.Entities\SK.ERP.Entities.csproj", "{D4B8547A-8413-4551-A2E0-540F2B01FC36}"
EndProject
Project("{2150E333-8FDC-42A3-9474-1A3956D46DE8}") = "Portal", "Portal", "{84A33DCC-8C27-436E-910D-8B683C6BDC12}"
EndProject
Project("{2150E333-8FDC-42A3-9474-1A3956D46DE8}") = "Utilities", "Utilities", "{A4007430-D405-45F2-BB80-283350EBD6C6}"
EndProject
Project("{9A19103F-16F7-4668-BE54-9A1E7A4F7556}") = "SK.ER.Utilities", "SK.ER.Utilities\SK.ER.Utilities.csproj", "{E91EEEA2-B76B-4E14-8423-5C99635F3CF2}"
EndProject
Project("{2150E333-8FDC-42A3-9474-1A3956D46DE8}") = "Repository", "Repository", "{7E7FD65C-E0B2-4388-B90C-E44928E1CC8D}"
EndProject
Project("{9A19103F-16F7-4668-BE54-9A1E7A4F7556}") = "SK.ERP.DataAccess", "SK.ERP.DataAccess\SK.ERP.DataAccess.csproj", "{70C31325-A2E7-46B3-889C-ADDC84EF9438}"
EndProject
Project("{FAE04EC0-301F-11D3-BF4B-00C04F79EFBC}") = "WebApp", "WebApp\WebApp.csproj", "{35D0939A-F4CD-4035-B4D2-966E7B9814A9}"
EndProject
Global
	GlobalSection(SolutionConfigurationPlatforms) = preSolution
		Debug|Any CPU = Debug|Any CPU
		Release|Any CPU = Release|Any CPU
	EndGlobalSection
	GlobalSection(ProjectConfigurationPlatforms) = postSolution
		{8E74E611-7AAF-4BE4-A80F-CCA5284C0234}.Debug|Any CPU.ActiveCfg = Debug|Any CPU
		{8E74E611-7AAF-4BE4-A80F-CCA5284C0234}.Debug|Any CPU.Build.0 = Debug|Any CPU
		{8E74E611-7AAF-4BE4-A80F-CCA5284C0234}.Release|Any CPU.ActiveCfg = Release|Any CPU
		{8E74E611-7AAF-4BE4-A80F-CCA5284C0234}.Release|Any CPU.Build.0 = Release|Any CPU
		{E0F67D90-584E-4F94-8561-86CF1D54CE48}.Debug|Any CPU.ActiveCfg = Debug|Any CPU
		{E0F67D90-584E-4F94-8561-86CF1D54CE48}.Debug|Any CPU.Build.0 = Debug|Any CPU
		{E0F67D90-584E-4F94-8561-86CF1D54CE48}.Release|Any CPU.ActiveCfg = Release|Any CPU
		{E0F67D90-584E-4F94-8561-86CF1D54CE48}.Release|Any CPU.Build.0 = Release|Any CPU
		{D4B8547A-8413-4551-A2E0-540F2B01FC36}.Debug|Any CPU.ActiveCfg = Debug|Any CPU
		{D4B8547A-8413-4551-A2E0-540F2B01FC36}.Debug|Any CPU.Build.0 = Debug|Any CPU
		{D4B8547A-8413-4551-A2E0-540F2B01FC36}.Release|Any CPU.ActiveCfg = Release|Any CPU
		{D4B8547A-8413-4551-A2E0-540F2B01FC36}.Release|Any CPU.Build.0 = Release|Any CPU
		{E91EEEA2-B76B-4E14-8423-5C99635F3CF2}.Debug|Any CPU.ActiveCfg = Debug|Any CPU
		{E91EEEA2-B76B-4E14-8423-5C99635F3CF2}.Debug|Any CPU.Build.0 = Debug|Any CPU
		{E91EEEA2-B76B-4E14-8423-5C99635F3CF2}.Release|Any CPU.ActiveCfg = Release|Any CPU
		{E91EEEA2-B76B-4E14-8423-5C99635F3CF2}.Release|Any CPU.Build.0 = Release|Any CPU
		{70C31325-A2E7-46B3-889C-ADDC84EF9438}.Debug|Any CPU.ActiveCfg = Debug|Any CPU
		{70C31325-A2E7-46B3-889C-ADDC84EF9438}.Debug|Any CPU.Build.0 = Debug|Any CPU
		{70C31325-A2E7-46B3-889C-ADDC84EF9438}.Release|Any CPU.ActiveCfg = Release|Any CPU
		{70C31325-A2E7-46B3-889C-ADDC84EF9438}.Release|Any CPU.Build.0 = Release|Any CPU
		{35D0939A-F4CD-4035-B4D2-966E7B9814A9}.Debug|Any CPU.ActiveCfg = Debug|Any CPU
		{35D0939A-F4CD-4035-B4D2-966E7B9814A9}.Debug|Any CPU.Build.0 = Debug|Any CPU
		{35D0939A-F4CD-4035-B4D2-966E7B9814A9}.Release|Any CPU.ActiveCfg = Release|Any CPU
		{35D0939A-F4CD-4035-B4D2-966E7B9814A9}.Release|Any CPU.Build.0 = Release|Any CPU
	EndGlobalSection
	GlobalSection(SolutionProperties) = preSolution
		HideSolutionNode = FALSE
	EndGlobalSection
	GlobalSection(NestedProjects) = preSolution
		{8E74E611-7AAF-4BE4-A80F-CCA5284C0234} = {84A33DCC-8C27-436E-910D-8B683C6BDC12}
		{E0F67D90-584E-4F94-8561-86CF1D54CE48} = {FD9F0EC9-EB35-4CE8-9095-B40D0F7598C9}
		{D4B8547A-8413-4551-A2E0-540F2B01FC36} = {4E89E69B-6B45-432C-AF74-54039EAE4F99}
		{84A33DCC-8C27-436E-910D-8B683C6BDC12} = {78B9A50B-1A12-4CD9-B1CF-0DCB7A43A27D}
		{E91EEEA2-B76B-4E14-8423-5C99635F3CF2} = {A4007430-D405-45F2-BB80-283350EBD6C6}
		{70C31325-A2E7-46B3-889C-ADDC84EF9438} = {7E7FD65C-E0B2-4388-B90C-E44928E1CC8D}
	EndGlobalSection
	GlobalSection(ExtensibilityGlobals) = postSolution
		SolutionGuid = {D721D429-B078-4BA7-A40A-9C235C3FEB04}
	EndGlobalSection
EndGlobal
